
Microsoft Visual Studio Solution File, Format Version 12.00
# Visual Studio Version 17
VisualStudioVersion = 17.4.33103.184
MinimumVisualStudioVersion = 10.0.40219.1
Project("{9A19103F-16F7-4668-BE54-9A1E7A4F7556}") = "POS_Terminal", "POS_Terminal\POS_Terminal.csproj", "{BFB89698-EA00-4965-999D-56B0D6DDB805}"
EndProject
Project("{9A19103F-16F7-4668-BE54-9A1E7A4F7556}") = "PL", "PL\PL.csproj", "{B28D010B-DCF7-4BD2-9222-1AE027333CD5}"
EndProject
Project("{FAE04EC0-301F-11D3-BF4B-00C04F79EFBC}") = "BLL", "BLL\BLL.csproj", "{06C393A3-BC51-41E7-9684-9DC354DCD4B7}"
EndProject
Project("{FAE04EC0-301F-11D3-BF4B-00C04F79EFBC}") = "DTO", "DTO\DTO.csproj", "{964B5ACB-7ECE-4AD7-8EAB-53E45206076B}"
EndProject
Project("{FAE04EC0-301F-11D3-BF4B-00C04F79EFBC}") = "DAL", "DAL\DAL.csproj", "{AA62D136-D333-498B-BDD4-B32639FD5993}"
EndProject
Global
	GlobalSection(SolutionConfigurationPlatforms) = preSolution
		Debug|Any CPU = Debug|Any CPU
		Release|Any CPU = Release|Any CPU
	EndGlobalSection
	GlobalSection(ProjectConfigurationPlatforms) = postSolution
		{BFB89698-EA00-4965-999D-56B0D6DDB805}.Debug|Any CPU.ActiveCfg = Debug|Any CPU
		{BFB89698-EA00-4965-999D-56B0D6DDB805}.Debug|Any CPU.Build.0 = Debug|Any CPU
		{BFB89698-EA00-4965-999D-56B0D6DDB805}.Release|Any CPU.ActiveCfg = Release|Any CPU
		{BFB89698-EA00-4965-999D-56B0D6DDB805}.Release|Any CPU.Build.0 = Release|Any CPU
		{B28D010B-DCF7-4BD2-9222-1AE027333CD5}.Debug|Any CPU.ActiveCfg = Debug|Any CPU
		{B28D010B-DCF7-4BD2-9222-1AE027333CD5}.Debug|Any CPU.Build.0 = Debug|Any CPU
		{B28D010B-DCF7-4BD2-9222-1AE027333CD5}.Release|Any CPU.ActiveCfg = Release|Any CPU
		{B28D010B-DCF7-4BD2-9222-1AE027333CD5}.Release|Any CPU.Build.0 = Release|Any CPU
		{06C393A3-BC51-41E7-9684-9DC354DCD4B7}.Debug|Any CPU.ActiveCfg = Debug|Any CPU
		{06C393A3-BC51-41E7-9684-9DC354DCD4B7}.Debug|Any CPU.Build.0 = Debug|Any CPU
		{06C393A3-BC51-41E7-9684-9DC354DCD4B7}.Release|Any CPU.ActiveCfg = Release|Any CPU
		{06C393A3-BC51-41E7-9684-9DC354DCD4B7}.Release|Any CPU.Build.0 = Release|Any CPU
		{964B5ACB-7ECE-4AD7-8EAB-53E45206076B}.Debug|Any CPU.ActiveCfg = Debug|Any CPU
		{964B5ACB-7ECE-4AD7-8EAB-53E45206076B}.Debug|Any CPU.Build.0 = Debug|Any CPU
		{964B5ACB-7ECE-4AD7-8EAB-53E45206076B}.Release|Any CPU.ActiveCfg = Release|Any CPU
		{964B5ACB-7ECE-4AD7-8EAB-53E45206076B}.Release|Any CPU.Build.0 = Release|Any CPU
		{AA62D136-D333-498B-BDD4-B32639FD5993}.Debug|Any CPU.ActiveCfg = Debug|Any CPU
		{AA62D136-D333-498B-BDD4-B32639FD5993}.Debug|Any CPU.Build.0 = Debug|Any CPU
		{AA62D136-D333-498B-BDD4-B32639FD5993}.Release|Any CPU.ActiveCfg = Release|Any CPU
		{AA62D136-D333-498B-BDD4-B32639FD5993}.Release|Any CPU.Build.0 = Release|Any CPU
	EndGlobalSection
	GlobalSection(SolutionProperties) = preSolution
		HideSolutionNode = FALSE
	EndGlobalSection
	GlobalSection(ExtensibilityGlobals) = postSolution
		SolutionGuid = {F2F85D71-0971-4EA3-BF6D-6FE13D59D952}
	EndGlobalSection
EndGlobal
