
Microsoft Visual Studio Solution File, Format Version 12.00
# Visual Studio Version 16
VisualStudioVersion = 16.0.30717.126
MinimumVisualStudioVersion = 10.0.40219.1
Project("{9A19103F-16F7-4668-BE54-9A1E7A4F7556}") = "HomeWork1", "HomeWork1\HomeWork1.csproj", "{33C3670F-4A92-4A41-84CB-0C80C75BD96A}"
EndProject
Project("{FAE04EC0-301F-11D3-BF4B-00C04F79EFBC}") = "PatientClassLibrary", "PatientClassLibrary\PatientClassLibrary.csproj", "{521C4F48-2EFE-4C81-8C6E-0EBB8CCF71A3}"
EndProject
Global
	GlobalSection(SolutionConfigurationPlatforms) = preSolution
		Debug|Any CPU = Debug|Any CPU
		Release|Any CPU = Release|Any CPU
	EndGlobalSection
	GlobalSection(ProjectConfigurationPlatforms) = postSolution
		{33C3670F-4A92-4A41-84CB-0C80C75BD96A}.Debug|Any CPU.ActiveCfg = Debug|Any CPU
		{33C3670F-4A92-4A41-84CB-0C80C75BD96A}.Debug|Any CPU.Build.0 = Debug|Any CPU
		{33C3670F-4A92-4A41-84CB-0C80C75BD96A}.Release|Any CPU.ActiveCfg = Release|Any CPU
		{33C3670F-4A92-4A41-84CB-0C80C75BD96A}.Release|Any CPU.Build.0 = Release|Any CPU
		{521C4F48-2EFE-4C81-8C6E-0EBB8CCF71A3}.Debug|Any CPU.ActiveCfg = Debug|Any CPU
		{521C4F48-2EFE-4C81-8C6E-0EBB8CCF71A3}.Debug|Any CPU.Build.0 = Debug|Any CPU
		{521C4F48-2EFE-4C81-8C6E-0EBB8CCF71A3}.Release|Any CPU.ActiveCfg = Release|Any CPU
		{521C4F48-2EFE-4C81-8C6E-0EBB8CCF71A3}.Release|Any CPU.Build.0 = Release|Any CPU
	EndGlobalSection
	GlobalSection(SolutionProperties) = preSolution
		HideSolutionNode = FALSE
	EndGlobalSection
	GlobalSection(ExtensibilityGlobals) = postSolution
		SolutionGuid = {46C2FF34-4112-4CB4-91CB-236E7ACBFCD2}
	EndGlobalSection
EndGlobal
